
Microsoft Visual Studio Solution File, Format Version 12.00
# Visual Studio Version 16
VisualStudioVersion = 16.0.29020.237
MinimumVisualStudioVersion = 10.0.40219.1
Project("{FAE04EC0-301F-11D3-BF4B-00C04F79EFBC}") = "webforms-aula1", "webforms-aula1\webforms-aula1.csproj", "{BB649A72-5D64-4CCE-A31D-9990F66E69D0}"
EndProject
Project("{FAE04EC0-301F-11D3-BF4B-00C04F79EFBC}") = "Business", "Business\Business.csproj", "{4A6942AE-0CC5-4F0E-89A1-00095140CD6E}"
EndProject
Global
	GlobalSection(SolutionConfigurationPlatforms) = preSolution
		Debug|Any CPU = Debug|Any CPU
		Release|Any CPU = Release|Any CPU
	EndGlobalSection
	GlobalSection(ProjectConfigurationPlatforms) = postSolution
		{BB649A72-5D64-4CCE-A31D-9990F66E69D0}.Debug|Any CPU.ActiveCfg = Debug|Any CPU
		{BB649A72-5D64-4CCE-A31D-9990F66E69D0}.Debug|Any CPU.Build.0 = Debug|Any CPU
		{BB649A72-5D64-4CCE-A31D-9990F66E69D0}.Release|Any CPU.ActiveCfg = Release|Any CPU
		{BB649A72-5D64-4CCE-A31D-9990F66E69D0}.Release|Any CPU.Build.0 = Release|Any CPU
		{4A6942AE-0CC5-4F0E-89A1-00095140CD6E}.Debug|Any CPU.ActiveCfg = Debug|Any CPU
		{4A6942AE-0CC5-4F0E-89A1-00095140CD6E}.Debug|Any CPU.Build.0 = Debug|Any CPU
		{4A6942AE-0CC5-4F0E-89A1-00095140CD6E}.Release|Any CPU.ActiveCfg = Release|Any CPU
		{4A6942AE-0CC5-4F0E-89A1-00095140CD6E}.Release|Any CPU.Build.0 = Release|Any CPU
	EndGlobalSection
	GlobalSection(SolutionProperties) = preSolution
		HideSolutionNode = FALSE
	EndGlobalSection
	GlobalSection(ExtensibilityGlobals) = postSolution
		SolutionGuid = {C6B8A9A2-048C-4CBB-9D9A-ABEB4CF79B43}
	EndGlobalSection
EndGlobal
